
Microsoft Visual Studio Solution File, Format Version 12.00
# Visual Studio Version 17
VisualStudioVersion = 17.9.34321.82
MinimumVisualStudioVersion = 10.0.40219.1
Project("{FAE04EC0-301F-11D3-BF4B-00C04F79EFBC}") = "Scheduler", "Scheduler\Scheduler.csproj", "{C0710C1B-87CC-460E-9740-D289517ADDE8}"
EndProject
Global
	GlobalSection(SolutionConfigurationPlatforms) = preSolution
		Debug|Any CPU = Debug|Any CPU
		Release|Any CPU = Release|Any CPU
	EndGlobalSection
	GlobalSection(ProjectConfigurationPlatforms) = postSolution
		{C0710C1B-87CC-460E-9740-D289517ADDE8}.Debug|Any CPU.ActiveCfg = Debug|Any CPU
		{C0710C1B-87CC-460E-9740-D289517ADDE8}.Debug|Any CPU.Build.0 = Debug|Any CPU
		{C0710C1B-87CC-460E-9740-D289517ADDE8}.Release|Any CPU.ActiveCfg = Release|Any CPU
		{C0710C1B-87CC-460E-9740-D289517ADDE8}.Release|Any CPU.Build.0 = Release|Any CPU
	EndGlobalSection
	GlobalSection(SolutionProperties) = preSolution
		HideSolutionNode = FALSE
	EndGlobalSection
	GlobalSection(ExtensibilityGlobals) = postSolution
		SolutionGuid = {76F2E5DF-961A-4D42-BABF-B91B5B94D9E8}
	EndGlobalSection
EndGlobal
